
Microsoft Visual Studio Solution File, Format Version 12.00
# Visual Studio Version 17
VisualStudioVersion = 17.8.34525.116
MinimumVisualStudioVersion = 10.0.40219.1
Project("{FAE04EC0-301F-11D3-BF4B-00C04F79EFBC}") = "SCM", "SCM\SCM.csproj", "{3EF12DA4-DA9F-4EAC-9E29-FCE6A086AF3A}"
EndProject
Global
	GlobalSection(SolutionConfigurationPlatforms) = preSolution
		Debug|Any CPU = Debug|Any CPU
		Release|Any CPU = Release|Any CPU
	EndGlobalSection
	GlobalSection(ProjectConfigurationPlatforms) = postSolution
		{3EF12DA4-DA9F-4EAC-9E29-FCE6A086AF3A}.Debug|Any CPU.ActiveCfg = Debug|Any CPU
		{3EF12DA4-DA9F-4EAC-9E29-FCE6A086AF3A}.Debug|Any CPU.Build.0 = Debug|Any CPU
		{3EF12DA4-DA9F-4EAC-9E29-FCE6A086AF3A}.Release|Any CPU.ActiveCfg = Release|Any CPU
		{3EF12DA4-DA9F-4EAC-9E29-FCE6A086AF3A}.Release|Any CPU.Build.0 = Release|Any CPU
	EndGlobalSection
	GlobalSection(SolutionProperties) = preSolution
		HideSolutionNode = FALSE
	EndGlobalSection
	GlobalSection(ExtensibilityGlobals) = postSolution
		SolutionGuid = {4A72D15F-72A6-48CB-A45C-F32F3A875A8D}
	EndGlobalSection
EndGlobal
